// !$*UTF8*$!
{
	archiveVersion = 1;
	classes = {
	};
	objectVersion = 56;
	objects = {

/* Begin PBXBuildFile section */
		1801D53D28FF54FB00651F7A /* NotificationsViewController.swift in Sources */ = {isa = PBXBuildFile; fileRef = 1801D53C28FF54FB00651F7A /* NotificationsViewController.swift */; };
		1801D53F28FF570300651F7A /* TramitesViewController.swift in Sources */ = {isa = PBXBuildFile; fileRef = 1801D53E28FF570300651F7A /* TramitesViewController.swift */; };
		1801D54128FF570F00651F7A /* SpacesViewController.swift in Sources */ = {isa = PBXBuildFile; fileRef = 1801D54028FF570F00651F7A /* SpacesViewController.swift */; };
		1863544928F8C3A2001D72D3 /* DeviceKit in Frameworks */ = {isa = PBXBuildFile; productRef = 1863544828F8C3A2001D72D3 /* DeviceKit */; };
		1863544C28F8C56C001D72D3 /* ModelName.swift in Sources */ = {isa = PBXBuildFile; fileRef = 1863544B28F8C56C001D72D3 /* ModelName.swift */; };
		1866933028F7694A00463A81 /* Toast.swift in Sources */ = {isa = PBXBuildFile; fileRef = 1866932F28F7694900463A81 /* Toast.swift */; };
		1876360928FDDAF000C0E046 /* Validators.swift in Sources */ = {isa = PBXBuildFile; fileRef = 1876360828FDDAEF00C0E046 /* Validators.swift */; };
		1876360B28FDDB4E00C0E046 /* RFCValidator.swift in Sources */ = {isa = PBXBuildFile; fileRef = 1876360A28FDDB4E00C0E046 /* RFCValidator.swift */; };
		1876360D28FDDC7E00C0E046 /* ValidationError.swift in Sources */ = {isa = PBXBuildFile; fileRef = 1876360C28FDDC7E00C0E046 /* ValidationError.swift */; };
		1876361028FDDCBA00C0E046 /* UITextFieldValidation.swift in Sources */ = {isa = PBXBuildFile; fileRef = 1876360F28FDDCBA00C0E046 /* UITextFieldValidation.swift */; };
		1876361228FDDE2200C0E046 /* PasswordValidator.swift in Sources */ = {isa = PBXBuildFile; fileRef = 1876361128FDDE2200C0E046 /* PasswordValidator.swift */; };
		1876361428FDE31B00C0E046 /* AppError.swift in Sources */ = {isa = PBXBuildFile; fileRef = 1876361328FDE31B00C0E046 /* AppError.swift */; };
		18894B5C28F5FDC600C5EBEB /* AppDelegate.swift in Sources */ = {isa = PBXBuildFile; fileRef = 18894B5B28F5FDC600C5EBEB /* AppDelegate.swift */; };
		18894B5E28F5FDC600C5EBEB /* SceneDelegate.swift in Sources */ = {isa = PBXBuildFile; fileRef = 18894B5D28F5FDC600C5EBEB /* SceneDelegate.swift */; };
		18894B6028F5FDC600C5EBEB /* MainViewController.swift in Sources */ = {isa = PBXBuildFile; fileRef = 18894B5F28F5FDC600C5EBEB /* MainViewController.swift */; };
		18894B6328F5FDC600C5EBEB /* Main.storyboard in Resources */ = {isa = PBXBuildFile; fileRef = 18894B6128F5FDC600C5EBEB /* Main.storyboard */; };
		18894B6628F5FDC600C5EBEB /* AppIIS.xcdatamodeld in Sources */ = {isa = PBXBuildFile; fileRef = 18894B6428F5FDC600C5EBEB /* AppIIS.xcdatamodeld */; };
		18894B6828F5FDE400C5EBEB /* Assets.xcassets in Resources */ = {isa = PBXBuildFile; fileRef = 18894B6728F5FDE400C5EBEB /* Assets.xcassets */; };
		18894B6B28F5FDE400C5EBEB /* LaunchScreen.storyboard in Resources */ = {isa = PBXBuildFile; fileRef = 18894B6928F5FDE400C5EBEB /* LaunchScreen.storyboard */; };
		18894B7628F5FDE600C5EBEB /* AppIISTests.swift in Sources */ = {isa = PBXBuildFile; fileRef = 18894B7528F5FDE600C5EBEB /* AppIISTests.swift */; };
		18894B8028F5FDE600C5EBEB /* AppIISUITests.swift in Sources */ = {isa = PBXBuildFile; fileRef = 18894B7F28F5FDE600C5EBEB /* AppIISUITests.swift */; };
		18894B8228F5FDE600C5EBEB /* AppIISUITestsLaunchTests.swift in Sources */ = {isa = PBXBuildFile; fileRef = 18894B8128F5FDE600C5EBEB /* AppIISUITestsLaunchTests.swift */; };
		18894B9028F605F400C5EBEB /* StartViewController.swift in Sources */ = {isa = PBXBuildFile; fileRef = 18894B8F28F605F400C5EBEB /* StartViewController.swift */; };
		18894B9228F6060B00C5EBEB /* LoginViewController.swift in Sources */ = {isa = PBXBuildFile; fileRef = 18894B9128F6060B00C5EBEB /* LoginViewController.swift */; };
/* End PBXBuildFile section */

/* Begin PBXContainerItemProxy section */
		18894B7228F5FDE600C5EBEB /* PBXContainerItemProxy */ = {
			isa = PBXContainerItemProxy;
			containerPortal = 18894B5028F5FDC500C5EBEB /* Project object */;
			proxyType = 1;
			remoteGlobalIDString = 18894B5728F5FDC600C5EBEB;
			remoteInfo = AppIIS;
		};
		18894B7C28F5FDE600C5EBEB /* PBXContainerItemProxy */ = {
			isa = PBXContainerItemProxy;
			containerPortal = 18894B5028F5FDC500C5EBEB /* Project object */;
			proxyType = 1;
			remoteGlobalIDString = 18894B5728F5FDC600C5EBEB;
			remoteInfo = AppIIS;
		};
/* End PBXContainerItemProxy section */

/* Begin PBXFileReference section */
		1801D53C28FF54FB00651F7A /* NotificationsViewController.swift */ = {isa = PBXFileReference; lastKnownFileType = sourcecode.swift; path = NotificationsViewController.swift; sourceTree = "<group>"; };
		1801D53E28FF570300651F7A /* TramitesViewController.swift */ = {isa = PBXFileReference; lastKnownFileType = sourcecode.swift; path = TramitesViewController.swift; sourceTree = "<group>"; };
		1801D54028FF570F00651F7A /* SpacesViewController.swift */ = {isa = PBXFileReference; lastKnownFileType = sourcecode.swift; path = SpacesViewController.swift; sourceTree = "<group>"; };
		1863544B28F8C56C001D72D3 /* ModelName.swift */ = {isa = PBXFileReference; lastKnownFileType = sourcecode.swift; path = ModelName.swift; sourceTree = "<group>"; };
		1866932F28F7694900463A81 /* Toast.swift */ = {isa = PBXFileReference; lastKnownFileType = sourcecode.swift; path = Toast.swift; sourceTree = "<group>"; };
		1876360828FDDAEF00C0E046 /* Validators.swift */ = {isa = PBXFileReference; lastKnownFileType = sourcecode.swift; path = Validators.swift; sourceTree = "<group>"; };
		1876360A28FDDB4E00C0E046 /* RFCValidator.swift */ = {isa = PBXFileReference; lastKnownFileType = sourcecode.swift; path = RFCValidator.swift; sourceTree = "<group>"; };
		1876360C28FDDC7E00C0E046 /* ValidationError.swift */ = {isa = PBXFileReference; lastKnownFileType = sourcecode.swift; path = ValidationError.swift; sourceTree = "<group>"; };
		1876360F28FDDCBA00C0E046 /* UITextFieldValidation.swift */ = {isa = PBXFileReference; lastKnownFileType = sourcecode.swift; path = UITextFieldValidation.swift; sourceTree = "<group>"; };
		1876361128FDDE2200C0E046 /* PasswordValidator.swift */ = {isa = PBXFileReference; lastKnownFileType = sourcecode.swift; path = PasswordValidator.swift; sourceTree = "<group>"; };
		1876361328FDE31B00C0E046 /* AppError.swift */ = {isa = PBXFileReference; lastKnownFileType = sourcecode.swift; path = AppError.swift; sourceTree = "<group>"; };
		18894B5828F5FDC600C5EBEB /* AppIIS.app */ = {isa = PBXFileReference; explicitFileType = wrapper.application; includeInIndex = 0; path = AppIIS.app; sourceTree = BUILT_PRODUCTS_DIR; };
		18894B5B28F5FDC600C5EBEB /* AppDelegate.swift */ = {isa = PBXFileReference; lastKnownFileType = sourcecode.swift; path = AppDelegate.swift; sourceTree = "<group>"; };
		18894B5D28F5FDC600C5EBEB /* SceneDelegate.swift */ = {isa = PBXFileReference; lastKnownFileType = sourcecode.swift; path = SceneDelegate.swift; sourceTree = "<group>"; };
		18894B5F28F5FDC600C5EBEB /* MainViewController.swift */ = {isa = PBXFileReference; lastKnownFileType = sourcecode.swift; path = MainViewController.swift; sourceTree = "<group>"; };
		18894B6228F5FDC600C5EBEB /* Base */ = {isa = PBXFileReference; lastKnownFileType = file.storyboard; name = Base; path = Base.lproj/Main.storyboard; sourceTree = "<group>"; };
		18894B6528F5FDC600C5EBEB /* AppIIS.xcdatamodel */ = {isa = PBXFileReference; lastKnownFileType = wrapper.xcdatamodel; path = AppIIS.xcdatamodel; sourceTree = "<group>"; };
		18894B6728F5FDE400C5EBEB /* Assets.xcassets */ = {isa = PBXFileReference; lastKnownFileType = folder.assetcatalog; path = Assets.xcassets; sourceTree = "<group>"; };
		18894B6A28F5FDE400C5EBEB /* Base */ = {isa = PBXFileReference; lastKnownFileType = file.storyboard; name = Base; path = Base.lproj/LaunchScreen.storyboard; sourceTree = "<group>"; };
		18894B6C28F5FDE400C5EBEB /* Info.plist */ = {isa = PBXFileReference; lastKnownFileType = text.plist.xml; path = Info.plist; sourceTree = "<group>"; };
		18894B7128F5FDE600C5EBEB /* AppIISTests.xctest */ = {isa = PBXFileReference; explicitFileType = wrapper.cfbundle; includeInIndex = 0; path = AppIISTests.xctest; sourceTree = BUILT_PRODUCTS_DIR; };
		18894B7528F5FDE600C5EBEB /* AppIISTests.swift */ = {isa = PBXFileReference; lastKnownFileType = sourcecode.swift; path = AppIISTests.swift; sourceTree = "<group>"; };
		18894B7B28F5FDE600C5EBEB /* AppIISUITests.xctest */ = {isa = PBXFileReference; explicitFileType = wrapper.cfbundle; includeInIndex = 0; path = AppIISUITests.xctest; sourceTree = BUILT_PRODUCTS_DIR; };
		18894B7F28F5FDE600C5EBEB /* AppIISUITests.swift */ = {isa = PBXFileReference; lastKnownFileType = sourcecode.swift; path = AppIISUITests.swift; sourceTree = "<group>"; };
		18894B8128F5FDE600C5EBEB /* AppIISUITestsLaunchTests.swift */ = {isa = PBXFileReference; lastKnownFileType = sourcecode.swift; path = AppIISUITestsLaunchTests.swift; sourceTree = "<group>"; };
		18894B8F28F605F400C5EBEB /* StartViewController.swift */ = {isa = PBXFileReference; lastKnownFileType = sourcecode.swift; path = StartViewController.swift; sourceTree = "<group>"; };
		18894B9128F6060B00C5EBEB /* LoginViewController.swift */ = {isa = PBXFileReference; lastKnownFileType = sourcecode.swift; path = LoginViewController.swift; sourceTree = "<group>"; };
/* End PBXFileReference section */

/* Begin PBXFrameworksBuildPhase section */
		18894B5528F5FDC600C5EBEB /* Frameworks */ = {
			isa = PBXFrameworksBuildPhase;
			buildActionMask = 2147483647;
			files = (
				1863544928F8C3A2001D72D3 /* DeviceKit in Frameworks */,
			);
			runOnlyForDeploymentPostprocessing = 0;
		};
		18894B6E28F5FDE600C5EBEB /* Frameworks */ = {
			isa = PBXFrameworksBuildPhase;
			buildActionMask = 2147483647;
			files = (
			);
			runOnlyForDeploymentPostprocessing = 0;
		};
		18894B7828F5FDE600C5EBEB /* Frameworks */ = {
			isa = PBXFrameworksBuildPhase;
			buildActionMask = 2147483647;
			files = (
			);
			runOnlyForDeploymentPostprocessing = 0;
		};
/* End PBXFrameworksBuildPhase section */

/* Begin PBXGroup section */
		1863544A28F8C554001D72D3 /* helpers */ = {
			isa = PBXGroup;
			children = (
				1863544B28F8C56C001D72D3 /* ModelName.swift */,
				1876360828FDDAEF00C0E046 /* Validators.swift */,
				1876360A28FDDB4E00C0E046 /* RFCValidator.swift */,
				1876360C28FDDC7E00C0E046 /* ValidationError.swift */,
				1876361128FDDE2200C0E046 /* PasswordValidator.swift */,
				1876361328FDE31B00C0E046 /* AppError.swift */,
			);
			path = helpers;
			sourceTree = "<group>";
		};
		1866932E28F7692500463A81 /* views */ = {
			isa = PBXGroup;
			children = (
				1876360E28FDDCA700C0E046 /* extensions */,
			);
			path = views;
			sourceTree = "<group>";
		};
		1876360E28FDDCA700C0E046 /* extensions */ = {
			isa = PBXGroup;
			children = (
				1866932F28F7694900463A81 /* Toast.swift */,
				1876360F28FDDCBA00C0E046 /* UITextFieldValidation.swift */,
			);
			path = extensions;
			sourceTree = "<group>";
		};
		18894B4F28F5FDC500C5EBEB = {
			isa = PBXGroup;
			children = (
				18894B5A28F5FDC600C5EBEB /* AppIIS */,
				18894B7428F5FDE600C5EBEB /* AppIISTests */,
				18894B7E28F5FDE600C5EBEB /* AppIISUITests */,
				18894B5928F5FDC600C5EBEB /* Products */,
			);
			sourceTree = "<group>";
		};
		18894B5928F5FDC600C5EBEB /* Products */ = {
			isa = PBXGroup;
			children = (
				18894B5828F5FDC600C5EBEB /* AppIIS.app */,
				18894B7128F5FDE600C5EBEB /* AppIISTests.xctest */,
				18894B7B28F5FDE600C5EBEB /* AppIISUITests.xctest */,
			);
			name = Products;
			sourceTree = "<group>";
		};
		18894B5A28F5FDC600C5EBEB /* AppIIS */ = {
			isa = PBXGroup;
			children = (
				1863544A28F8C554001D72D3 /* helpers */,
				1866932E28F7692500463A81 /* views */,
				18894B9328F6131300C5EBEB /* models */,
				18894B8E28F6054A00C5EBEB /* controllers */,
				18894B5B28F5FDC600C5EBEB /* AppDelegate.swift */,
				18894B5D28F5FDC600C5EBEB /* SceneDelegate.swift */,
				18894B6128F5FDC600C5EBEB /* Main.storyboard */,
				18894B6728F5FDE400C5EBEB /* Assets.xcassets */,
				18894B6928F5FDE400C5EBEB /* LaunchScreen.storyboard */,
				18894B6C28F5FDE400C5EBEB /* Info.plist */,
				18894B6428F5FDC600C5EBEB /* AppIIS.xcdatamodeld */,
			);
			path = AppIIS;
			sourceTree = "<group>";
		};
		18894B7428F5FDE600C5EBEB /* AppIISTests */ = {
			isa = PBXGroup;
			children = (
				18894B7528F5FDE600C5EBEB /* AppIISTests.swift */,
			);
			path = AppIISTests;
			sourceTree = "<group>";
		};
		18894B7E28F5FDE600C5EBEB /* AppIISUITests */ = {
			isa = PBXGroup;
			children = (
				18894B7F28F5FDE600C5EBEB /* AppIISUITests.swift */,
				18894B8128F5FDE600C5EBEB /* AppIISUITestsLaunchTests.swift */,
			);
			path = AppIISUITests;
			sourceTree = "<group>";
		};
		18894B8E28F6054A00C5EBEB /* controllers */ = {
			isa = PBXGroup;
			children = (
				18894B5F28F5FDC600C5EBEB /* MainViewController.swift */,
				18894B8F28F605F400C5EBEB /* StartViewController.swift */,
				18894B9128F6060B00C5EBEB /* LoginViewController.swift */,
				1801D53C28FF54FB00651F7A /* NotificationsViewController.swift */,
				1801D53E28FF570300651F7A /* TramitesViewController.swift */,
				1801D54028FF570F00651F7A /* SpacesViewController.swift */,
			);
			path = controllers;
			sourceTree = "<group>";
		};
		18894B9328F6131300C5EBEB /* models */ = {
			isa = PBXGroup;
			children = (
			);
			path = models;
			sourceTree = "<group>";
		};
/* End PBXGroup section */

/* Begin PBXNativeTarget section */
		18894B5728F5FDC600C5EBEB /* AppIIS */ = {
			isa = PBXNativeTarget;
			buildConfigurationList = 18894B8528F5FDE600C5EBEB /* Build configuration list for PBXNativeTarget "AppIIS" */;
			buildPhases = (
				18894B5428F5FDC600C5EBEB /* Sources */,
				18894B5528F5FDC600C5EBEB /* Frameworks */,
				18894B5628F5FDC600C5EBEB /* Resources */,
			);
			buildRules = (
			);
			dependencies = (
			);
			name = AppIIS;
			packageProductDependencies = (
				1863544828F8C3A2001D72D3 /* DeviceKit */,
			);
			productName = AppIIS;
			productReference = 18894B5828F5FDC600C5EBEB /* AppIIS.app */;
			productType = "com.apple.product-type.application";
		};
		18894B7028F5FDE600C5EBEB /* AppIISTests */ = {
			isa = PBXNativeTarget;
			buildConfigurationList = 18894B8828F5FDE600C5EBEB /* Build configuration list for PBXNativeTarget "AppIISTests" */;
			buildPhases = (
				18894B6D28F5FDE600C5EBEB /* Sources */,
				18894B6E28F5FDE600C5EBEB /* Frameworks */,
				18894B6F28F5FDE600C5EBEB /* Resources */,
			);
			buildRules = (
			);
			dependencies = (
				18894B7328F5FDE600C5EBEB /* PBXTargetDependency */,
			);
			name = AppIISTests;
			productName = AppIISTests;
			productReference = 18894B7128F5FDE600C5EBEB /* AppIISTests.xctest */;
			productType = "com.apple.product-type.bundle.unit-test";
		};
		18894B7A28F5FDE600C5EBEB /* AppIISUITests */ = {
			isa = PBXNativeTarget;
			buildConfigurationList = 18894B8B28F5FDE600C5EBEB /* Build configuration list for PBXNativeTarget "AppIISUITests" */;
			buildPhases = (
				18894B7728F5FDE600C5EBEB /* Sources */,
				18894B7828F5FDE600C5EBEB /* Frameworks */,
				18894B7928F5FDE600C5EBEB /* Resources */,
			);
			buildRules = (
			);
			dependencies = (
				18894B7D28F5FDE600C5EBEB /* PBXTargetDependency */,
			);
			name = AppIISUITests;
			productName = AppIISUITests;
			productReference = 18894B7B28F5FDE600C5EBEB /* AppIISUITests.xctest */;
			productType = "com.apple.product-type.bundle.ui-testing";
		};
/* End PBXNativeTarget section */

/* Begin PBXProject section */
		18894B5028F5FDC500C5EBEB /* Project object */ = {
			isa = PBXProject;
			attributes = {
				BuildIndependentTargetsInParallel = 1;
				LastSwiftUpdateCheck = 1400;
				LastUpgradeCheck = 1400;
				TargetAttributes = {
					18894B5728F5FDC600C5EBEB = {
						CreatedOnToolsVersion = 14.0.1;
					};
					18894B7028F5FDE600C5EBEB = {
						CreatedOnToolsVersion = 14.0.1;
						TestTargetID = 18894B5728F5FDC600C5EBEB;
					};
					18894B7A28F5FDE600C5EBEB = {
						CreatedOnToolsVersion = 14.0.1;
						TestTargetID = 18894B5728F5FDC600C5EBEB;
					};
				};
			};
			buildConfigurationList = 18894B5328F5FDC500C5EBEB /* Build configuration list for PBXProject "AppIIS" */;
			compatibilityVersion = "Xcode 14.0";
			developmentRegion = en;
			hasScannedForEncodings = 0;
			knownRegions = (
				en,
				Base,
			);
			mainGroup = 18894B4F28F5FDC500C5EBEB;
			packageReferences = (
				1863544728F8C3A2001D72D3 /* XCRemoteSwiftPackageReference "DeviceKit" */,
			);
			productRefGroup = 18894B5928F5FDC600C5EBEB /* Products */;
			projectDirPath = "";
			projectRoot = "";
			targets = (
				18894B5728F5FDC600C5EBEB /* AppIIS */,
				18894B7028F5FDE600C5EBEB /* AppIISTests */,
				18894B7A28F5FDE600C5EBEB /* AppIISUITests */,
			);
		};
/* End PBXProject section */

/* Begin PBXResourcesBuildPhase section */
		18894B5628F5FDC600C5EBEB /* Resources */ = {
			isa = PBXResourcesBuildPhase;
			buildActionMask = 2147483647;
			files = (
				18894B6B28F5FDE400C5EBEB /* LaunchScreen.storyboard in Resources */,
				18894B6828F5FDE400C5EBEB /* Assets.xcassets in Resources */,
				18894B6328F5FDC600C5EBEB /* Main.storyboard in Resources */,
			);
			runOnlyForDeploymentPostprocessing = 0;
		};
		18894B6F28F5FDE600C5EBEB /* Resources */ = {
			isa = PBXResourcesBuildPhase;
			buildActionMask = 2147483647;
			files = (
			);
			runOnlyForDeploymentPostprocessing = 0;
		};
		18894B7928F5FDE600C5EBEB /* Resources */ = {
			isa = PBXResourcesBuildPhase;
			buildActionMask = 2147483647;
			files = (
			);
			runOnlyForDeploymentPostprocessing = 0;
		};
/* End PBXResourcesBuildPhase section */

/* Begin PBXSourcesBuildPhase section */
		18894B5428F5FDC600C5EBEB /* Sources */ = {
			isa = PBXSourcesBuildPhase;
			buildActionMask = 2147483647;
			files = (
				1801D53D28FF54FB00651F7A /* NotificationsViewController.swift in Sources */,
				18894B9228F6060B00C5EBEB /* LoginViewController.swift in Sources */,
				18894B9028F605F400C5EBEB /* StartViewController.swift in Sources */,
				1876360B28FDDB4E00C0E046 /* RFCValidator.swift in Sources */,
				1876361228FDDE2200C0E046 /* PasswordValidator.swift in Sources */,
				1801D54128FF570F00651F7A /* SpacesViewController.swift in Sources */,
				18894B6028F5FDC600C5EBEB /* MainViewController.swift in Sources */,
				1876361028FDDCBA00C0E046 /* UITextFieldValidation.swift in Sources */,
				1876361428FDE31B00C0E046 /* AppError.swift in Sources */,
				18894B6628F5FDC600C5EBEB /* AppIIS.xcdatamodeld in Sources */,
				1863544C28F8C56C001D72D3 /* ModelName.swift in Sources */,
				18894B5C28F5FDC600C5EBEB /* AppDelegate.swift in Sources */,
				1876360D28FDDC7E00C0E046 /* ValidationError.swift in Sources */,
				18894B5E28F5FDC600C5EBEB /* SceneDelegate.swift in Sources */,
				1866933028F7694A00463A81 /* Toast.swift in Sources */,
				1876360928FDDAF000C0E046 /* Validators.swift in Sources */,
				1801D53F28FF570300651F7A /* TramitesViewController.swift in Sources */,
			);
			runOnlyForDeploymentPostprocessing = 0;
		};
		18894B6D28F5FDE600C5EBEB /* Sources */ = {
			isa = PBXSourcesBuildPhase;
			buildActionMask = 2147483647;
			files = (
				18894B7628F5FDE600C5EBEB /* AppIISTests.swift in Sources */,
			);
			runOnlyForDeploymentPostprocessing = 0;
		};
		18894B7728F5FDE600C5EBEB /* Sources */ = {
			isa = PBXSourcesBuildPhase;
			buildActionMask = 2147483647;
			files = (
				18894B8228F5FDE600C5EBEB /* AppIISUITestsLaunchTests.swift in Sources */,
				18894B8028F5FDE600C5EBEB /* AppIISUITests.swift in Sources */,
			);
			runOnlyForDeploymentPostprocessing = 0;
		};
/* End PBXSourcesBuildPhase section */

/* Begin PBXTargetDependency section */
		18894B7328F5FDE600C5EBEB /* PBXTargetDependency */ = {
			isa = PBXTargetDependency;
			target = 18894B5728F5FDC600C5EBEB /* AppIIS */;
			targetProxy = 18894B7228F5FDE600C5EBEB /* PBXContainerItemProxy */;
		};
		18894B7D28F5FDE600C5EBEB /* PBXTargetDependency */ = {
			isa = PBXTargetDependency;
			target = 18894B5728F5FDC600C5EBEB /* AppIIS */;
			targetProxy = 18894B7C28F5FDE600C5EBEB /* PBXContainerItemProxy */;
		};
/* End PBXTargetDependency section */

/* Begin PBXVariantGroup section */
		18894B6128F5FDC600C5EBEB /* Main.storyboard */ = {
			isa = PBXVariantGroup;
			children = (
				18894B6228F5FDC600C5EBEB /* Base */,
			);
			name = Main.storyboard;
			sourceTree = "<group>";
		};
		18894B6928F5FDE400C5EBEB /* LaunchScreen.storyboard */ = {
			isa = PBXVariantGroup;
			children = (
				18894B6A28F5FDE400C5EBEB /* Base */,
			);
			name = LaunchScreen.storyboard;
			sourceTree = "<group>";
		};
/* End PBXVariantGroup section */

/* Begin XCBuildConfiguration section */
		18894B8328F5FDE600C5EBEB /* Debug */ = {
			isa = XCBuildConfiguration;
			buildSettings = {
				ALWAYS_SEARCH_USER_PATHS = NO;
				CLANG_ANALYZER_NONNULL = YES;
				CLANG_ANALYZER_NUMBER_OBJECT_CONVERSION = YES_AGGRESSIVE;
				CLANG_CXX_LANGUAGE_STANDARD = "gnu++20";
				CLANG_ENABLE_MODULES = YES;
				CLANG_ENABLE_OBJC_ARC = YES;
				CLANG_ENABLE_OBJC_WEAK = YES;
				CLANG_WARN_BLOCK_CAPTURE_AUTORELEASING = YES;
				CLANG_WARN_BOOL_CONVERSION = YES;
				CLANG_WARN_COMMA = YES;
				CLANG_WARN_CONSTANT_CONVERSION = YES;
				CLANG_WARN_DEPRECATED_OBJC_IMPLEMENTATIONS = YES;
				CLANG_WARN_DIRECT_OBJC_ISA_USAGE = YES_ERROR;
				CLANG_WARN_DOCUMENTATION_COMMENTS = YES;
				CLANG_WARN_EMPTY_BODY = YES;
				CLANG_WARN_ENUM_CONVERSION = YES;
				CLANG_WARN_INFINITE_RECURSION = YES;
				CLANG_WARN_INT_CONVERSION = YES;
				CLANG_WARN_NON_LITERAL_NULL_CONVERSION = YES;
				CLANG_WARN_OBJC_IMPLICIT_RETAIN_SELF = YES;
				CLANG_WARN_OBJC_LITERAL_CONVERSION = YES;
				CLANG_WARN_OBJC_ROOT_CLASS = YES_ERROR;
				CLANG_WARN_QUOTED_INCLUDE_IN_FRAMEWORK_HEADER = YES;
				CLANG_WARN_RANGE_LOOP_ANALYSIS = YES;
				CLANG_WARN_STRICT_PROTOTYPES = YES;
				CLANG_WARN_SUSPICIOUS_MOVE = YES;
				CLANG_WARN_UNGUARDED_AVAILABILITY = YES_AGGRESSIVE;
				CLANG_WARN_UNREACHABLE_CODE = YES;
				CLANG_WARN__DUPLICATE_METHOD_MATCH = YES;
				COPY_PHASE_STRIP = NO;
				DEBUG_INFORMATION_FORMAT = dwarf;
				ENABLE_STRICT_OBJC_MSGSEND = YES;
				ENABLE_TESTABILITY = YES;
				GCC_C_LANGUAGE_STANDARD = gnu11;
				GCC_DYNAMIC_NO_PIC = NO;
				GCC_NO_COMMON_BLOCKS = YES;
				GCC_OPTIMIZATION_LEVEL = 0;
				GCC_PREPROCESSOR_DEFINITIONS = (
					"DEBUG=1",
					"$(inherited)",
				);
				GCC_WARN_64_TO_32_BIT_CONVERSION = YES;
				GCC_WARN_ABOUT_RETURN_TYPE = YES_ERROR;
				GCC_WARN_UNDECLARED_SELECTOR = YES;
				GCC_WARN_UNINITIALIZED_AUTOS = YES_AGGRESSIVE;
				GCC_WARN_UNUSED_FUNCTION = YES;
				GCC_WARN_UNUSED_VARIABLE = YES;
				IPHONEOS_DEPLOYMENT_TARGET = 16.0;
				MTL_ENABLE_DEBUG_INFO = INCLUDE_SOURCE;
				MTL_FAST_MATH = YES;
				ONLY_ACTIVE_ARCH = YES;
				SDKROOT = iphoneos;
				SWIFT_ACTIVE_COMPILATION_CONDITIONS = DEBUG;
				SWIFT_OPTIMIZATION_LEVEL = "-Onone";
				SWIFT_VERSION = 5.0;
			};
			name = Debug;
		};
		18894B8428F5FDE600C5EBEB /* Release */ = {
			isa = XCBuildConfiguration;
			buildSettings = {
				ALWAYS_SEARCH_USER_PATHS = NO;
				CLANG_ANALYZER_NONNULL = YES;
				CLANG_ANALYZER_NUMBER_OBJECT_CONVERSION = YES_AGGRESSIVE;
				CLANG_CXX_LANGUAGE_STANDARD = "gnu++20";
				CLANG_ENABLE_MODULES = YES;
				CLANG_ENABLE_OBJC_ARC = YES;
				CLANG_ENABLE_OBJC_WEAK = YES;
				CLANG_WARN_BLOCK_CAPTURE_AUTORELEASING = YES;
				CLANG_WARN_BOOL_CONVERSION = YES;
				CLANG_WARN_COMMA = YES;
				CLANG_WARN_CONSTANT_CONVERSION = YES;
				CLANG_WARN_DEPRECATED_OBJC_IMPLEMENTATIONS = YES;
				CLANG_WARN_DIRECT_OBJC_ISA_USAGE = YES_ERROR;
				CLANG_WARN_DOCUMENTATION_COMMENTS = YES;
				CLANG_WARN_EMPTY_BODY = YES;
				CLANG_WARN_ENUM_CONVERSION = YES;
				CLANG_WARN_INFINITE_RECURSION = YES;
				CLANG_WARN_INT_CONVERSION = YES;
				CLANG_WARN_NON_LITERAL_NULL_CONVERSION = YES;
				CLANG_WARN_OBJC_IMPLICIT_RETAIN_SELF = YES;
				CLANG_WARN_OBJC_LITERAL_CONVERSION = YES;
				CLANG_WARN_OBJC_ROOT_CLASS = YES_ERROR;
				CLANG_WARN_QUOTED_INCLUDE_IN_FRAMEWORK_HEADER = YES;
				CLANG_WARN_RANGE_LOOP_ANALYSIS = YES;
				CLANG_WARN_STRICT_PROTOTYPES = YES;
				CLANG_WARN_SUSPICIOUS_MOVE = YES;
				CLANG_WARN_UNGUARDED_AVAILABILITY = YES_AGGRESSIVE;
				CLANG_WARN_UNREACHABLE_CODE = YES;
				CLANG_WARN__DUPLICATE_METHOD_MATCH = YES;
				COPY_PHASE_STRIP = NO;
				DEBUG_INFORMATION_FORMAT = "dwarf-with-dsym";
				ENABLE_NS_ASSERTIONS = NO;
				ENABLE_STRICT_OBJC_MSGSEND = YES;
				GCC_C_LANGUAGE_STANDARD = gnu11;
				GCC_NO_COMMON_BLOCKS = YES;
				GCC_WARN_64_TO_32_BIT_CONVERSION = YES;
				GCC_WARN_ABOUT_RETURN_TYPE = YES_ERROR;
				GCC_WARN_UNDECLARED_SELECTOR = YES;
				GCC_WARN_UNINITIALIZED_AUTOS = YES_AGGRESSIVE;
				GCC_WARN_UNUSED_FUNCTION = YES;
				GCC_WARN_UNUSED_VARIABLE = YES;
				IPHONEOS_DEPLOYMENT_TARGET = 16.0;
				MTL_ENABLE_DEBUG_INFO = NO;
				MTL_FAST_MATH = YES;
				SDKROOT = iphoneos;
				SWIFT_COMPILATION_MODE = wholemodule;
				SWIFT_OPTIMIZATION_LEVEL = "-O";
				SWIFT_VERSION = 5.0;
				VALIDATE_PRODUCT = YES;
			};
			name = Release;
		};
		18894B8628F5FDE600C5EBEB /* Debug */ = {
			isa = XCBuildConfiguration;
			buildSettings = {
				ASSETCATALOG_COMPILER_APPICON_NAME = AppIcon;
				ASSETCATALOG_COMPILER_GLOBAL_ACCENT_COLOR_NAME = AccentColor;
				CODE_SIGN_STYLE = Automatic;
				CURRENT_PROJECT_VERSION = 1;
				DEVELOPMENT_TEAM = 5MT98BUGMR;
				GENERATE_INFOPLIST_FILE = YES;
				INFOPLIST_FILE = AppIIS/Info.plist;
				INFOPLIST_KEY_UIApplicationSupportsIndirectInputEvents = YES;
				INFOPLIST_KEY_UILaunchStoryboardName = LaunchScreen.storyboard;
				INFOPLIST_KEY_UIMainStoryboardFile = Main;
				INFOPLIST_KEY_UISupportedInterfaceOrientations_iPad = "UIInterfaceOrientationPortrait UIInterfaceOrientationPortraitUpsideDown UIInterfaceOrientationLandscapeLeft UIInterfaceOrientationLandscapeRight";
				INFOPLIST_KEY_UISupportedInterfaceOrientations_iPhone = "UIInterfaceOrientationPortrait UIInterfaceOrientationLandscapeLeft UIInterfaceOrientationLandscapeRight";
				LD_RUNPATH_SEARCH_PATHS = (
					"$(inherited)",
					"@executable_path/Frameworks",
				);
				MARKETING_VERSION = 1.0;
				PRODUCT_BUNDLE_IDENTIFIER = app.iis.sociales.AppIIS;
				PRODUCT_NAME = "$(TARGET_NAME)";
				SWIFT_EMIT_LOC_STRINGS = YES;
				SWIFT_VERSION = 5.0;
				TARGETED_DEVICE_FAMILY = "1,2";
			};
			name = Debug;
		};
		18894B8728F5FDE600C5EBEB /* Release */ = {
			isa = XCBuildConfiguration;
			buildSettings = {
				ASSETCATALOG_COMPILER_APPICON_NAME = AppIcon;
				ASSETCATALOG_COMPILER_GLOBAL_ACCENT_COLOR_NAME = AccentColor;
				CODE_SIGN_STYLE = Automatic;
				CURRENT_PROJECT_VERSION = 1;
				DEVELOPMENT_TEAM = 5MT98BUGMR;
				GENERATE_INFOPLIST_FILE = YES;
				INFOPLIST_FILE = AppIIS/Info.plist;
				INFOPLIST_KEY_UIApplicationSupportsIndirectInputEvents = YES;
				INFOPLIST_KEY_UILaunchStoryboardName = LaunchScreen.storyboard;
				INFOPLIST_KEY_UIMainStoryboardFile = Main;
				INFOPLIST_KEY_UISupportedInterfaceOrientations_iPad = "UIInterfaceOrientationPortrait UIInterfaceOrientationPortraitUpsideDown UIInterfaceOrientationLandscapeLeft UIInterfaceOrientationLandscapeRight";
				INFOPLIST_KEY_UISupportedInterfaceOrientations_iPhone = "UIInterfaceOrientationPortrait UIInterfaceOrientationLandscapeLeft UIInterfaceOrientationLandscapeRight";
				LD_RUNPATH_SEARCH_PATHS = (
					"$(inherited)",
					"@executable_path/Frameworks",
				);
				MARKETING_VERSION = 1.0;
				PRODUCT_BUNDLE_IDENTIFIER = app.iis.sociales.AppIIS;
				PRODUCT_NAME = "$(TARGET_NAME)";
				SWIFT_EMIT_LOC_STRINGS = YES;
				SWIFT_VERSION = 5.0;
				TARGETED_DEVICE_FAMILY = "1,2";
			};
			name = Release;
		};
		18894B8928F5FDE600C5EBEB /* Debug */ = {
			isa = XCBuildConfiguration;
			buildSettings = {
				ALWAYS_EMBED_SWIFT_STANDARD_LIBRARIES = YES;
				BUNDLE_LOADER = "$(TEST_HOST)";
				CODE_SIGN_STYLE = Automatic;
				CURRENT_PROJECT_VERSION = 1;
				DEVELOPMENT_TEAM = 5MT98BUGMR;
				GENERATE_INFOPLIST_FILE = YES;
				IPHONEOS_DEPLOYMENT_TARGET = 16.0;
				MARKETING_VERSION = 1.0;
				PRODUCT_BUNDLE_IDENTIFIER = app.iis.sociales.AppIISTests;
				PRODUCT_NAME = "$(TARGET_NAME)";
				SWIFT_EMIT_LOC_STRINGS = NO;
				SWIFT_VERSION = 5.0;
				TARGETED_DEVICE_FAMILY = "1,2";
				TEST_HOST = "$(BUILT_PRODUCTS_DIR)/AppIIS.app/$(BUNDLE_EXECUTABLE_FOLDER_PATH)/AppIIS";
			};
			name = Debug;
		};
		18894B8A28F5FDE600C5EBEB /* Release */ = {
			isa = XCBuildConfiguration;
			buildSettings = {
				ALWAYS_EMBED_SWIFT_STANDARD_LIBRARIES = YES;
				BUNDLE_LOADER = "$(TEST_HOST)";
				CODE_SIGN_STYLE = Automatic;
				CURRENT_PROJECT_VERSION = 1;
				DEVELOPMENT_TEAM = 5MT98BUGMR;
				GENERATE_INFOPLIST_FILE = YES;
				IPHONEOS_DEPLOYMENT_TARGET = 16.0;
				MARKETING_VERSION = 1.0;
				PRODUCT_BUNDLE_IDENTIFIER = app.iis.sociales.AppIISTests;
				PRODUCT_NAME = "$(TARGET_NAME)";
				SWIFT_EMIT_LOC_STRINGS = NO;
				SWIFT_VERSION = 5.0;
				TARGETED_DEVICE_FAMILY = "1,2";
				TEST_HOST = "$(BUILT_PRODUCTS_DIR)/AppIIS.app/$(BUNDLE_EXECUTABLE_FOLDER_PATH)/AppIIS";
			};
			name = Release;
		};
		18894B8C28F5FDE600C5EBEB /* Debug */ = {
			isa = XCBuildConfiguration;
			buildSettings = {
				ALWAYS_EMBED_SWIFT_STANDARD_LIBRARIES = YES;
				CODE_SIGN_STYLE = Automatic;
				CURRENT_PROJECT_VERSION = 1;
				DEVELOPMENT_TEAM = 5MT98BUGMR;
				GENERATE_INFOPLIST_FILE = YES;
				MARKETING_VERSION = 1.0;
				PRODUCT_BUNDLE_IDENTIFIER = app.iis.sociales.AppIISUITests;
				PRODUCT_NAME = "$(TARGET_NAME)";
				SWIFT_EMIT_LOC_STRINGS = NO;
				SWIFT_VERSION = 5.0;
				TARGETED_DEVICE_FAMILY = "1,2";
				TEST_TARGET_NAME = AppIIS;
			};
			name = Debug;
		};
		18894B8D28F5FDE600C5EBEB /* Release */ = {
			isa = XCBuildConfiguration;
			buildSettings = {
				ALWAYS_EMBED_SWIFT_STANDARD_LIBRARIES = YES;
				CODE_SIGN_STYLE = Automatic;
				CURRENT_PROJECT_VERSION = 1;
				DEVELOPMENT_TEAM = 5MT98BUGMR;
				GENERATE_INFOPLIST_FILE = YES;
				MARKETING_VERSION = 1.0;
				PRODUCT_BUNDLE_IDENTIFIER = app.iis.sociales.AppIISUITests;
				PRODUCT_NAME = "$(TARGET_NAME)";
				SWIFT_EMIT_LOC_STRINGS = NO;
				SWIFT_VERSION = 5.0;
				TARGETED_DEVICE_FAMILY = "1,2";
				TEST_TARGET_NAME = AppIIS;
			};
			name = Release;
		};
/* End XCBuildConfiguration section */

/* Begin XCConfigurationList section */
		18894B5328F5FDC500C5EBEB /* Build configuration list for PBXProject "AppIIS" */ = {
			isa = XCConfigurationList;
			buildConfigurations = (
				18894B8328F5FDE600C5EBEB /* Debug */,
				18894B8428F5FDE600C5EBEB /* Release */,
			);
			defaultConfigurationIsVisible = 0;
			defaultConfigurationName = Release;
		};
		18894B8528F5FDE600C5EBEB /* Build configuration list for PBXNativeTarget "AppIIS" */ = {
			isa = XCConfigurationList;
			buildConfigurations = (
				18894B8628F5FDE600C5EBEB /* Debug */,
				18894B8728F5FDE600C5EBEB /* Release */,
			);
			defaultConfigurationIsVisible = 0;
			defaultConfigurationName = Release;
		};
		18894B8828F5FDE600C5EBEB /* Build configuration list for PBXNativeTarget "AppIISTests" */ = {
			isa = XCConfigurationList;
			buildConfigurations = (
				18894B8928F5FDE600C5EBEB /* Debug */,
				18894B8A28F5FDE600C5EBEB /* Release */,
			);
			defaultConfigurationIsVisible = 0;
			defaultConfigurationName = Release;
		};
		18894B8B28F5FDE600C5EBEB /* Build configuration list for PBXNativeTarget "AppIISUITests" */ = {
			isa = XCConfigurationList;
			buildConfigurations = (
				18894B8C28F5FDE600C5EBEB /* Debug */,
				18894B8D28F5FDE600C5EBEB /* Release */,
			);
			defaultConfigurationIsVisible = 0;
			defaultConfigurationName = Release;
		};
/* End XCConfigurationList section */

/* Begin XCRemoteSwiftPackageReference section */
		1863544728F8C3A2001D72D3 /* XCRemoteSwiftPackageReference "DeviceKit" */ = {
			isa = XCRemoteSwiftPackageReference;
			repositoryURL = "https://github.com/devicekit/DeviceKit";
			requirement = {
				kind = upToNextMajorVersion;
				minimumVersion = 4.0.0;
			};
		};
/* End XCRemoteSwiftPackageReference section */

/* Begin XCSwiftPackageProductDependency section */
		1863544828F8C3A2001D72D3 /* DeviceKit */ = {
			isa = XCSwiftPackageProductDependency;
			package = 1863544728F8C3A2001D72D3 /* XCRemoteSwiftPackageReference "DeviceKit" */;
			productName = DeviceKit;
		};
/* End XCSwiftPackageProductDependency section */

/* Begin XCVersionGroup section */
		18894B6428F5FDC600C5EBEB /* AppIIS.xcdatamodeld */ = {
			isa = XCVersionGroup;
			children = (
				18894B6528F5FDC600C5EBEB /* AppIIS.xcdatamodel */,
			);
			currentVersion = 18894B6528F5FDC600C5EBEB /* AppIIS.xcdatamodel */;
			path = AppIIS.xcdatamodeld;
			sourceTree = "<group>";
			versionGroupType = wrapper.xcdatamodel;
		};
/* End XCVersionGroup section */
	};
	rootObject = 18894B5028F5FDC500C5EBEB /* Project object */;
}
